{
    "_readme": [
        "This file locks the dependencies of your project to a known state",
        "Read more about it at https://getcomposer.org/doc/01-basic-usage.md#installing-dependencies",
        "This file is @generated automatically"
    ],
    "content-hash": "9bfd31afba74bf53b5af7ef9b1db4e1d",
    "packages": [
        {
            "name": "composer/xdebug-handler",
            "version": "1.4.1",
            "source": {
                "type": "git",
                "url": "https://github.com/composer/xdebug-handler.git",
                "reference": "1ab9842d69e64fb3a01be6b656501032d1b78cb7"
            },
            "dist": {
                "type": "zip",
                "url": "https://api.github.com/repos/composer/xdebug-handler/zipball/1ab9842d69e64fb3a01be6b656501032d1b78cb7",
                "reference": "1ab9842d69e64fb3a01be6b656501032d1b78cb7",
                "shasum": ""
            },
            "require": {
                "php": "^5.3.2 || ^7.0 || ^8.0",
                "psr/log": "^1.0"
            },
            "require-dev": {
                "phpunit/phpunit": "^4.8.35 || ^5.7 || 6.5 - 8"
            },
            "type": "library",
            "autoload": {
                "psr-4": {
                    "Composer\\XdebugHandler\\": "src"
                }
            },
            "notification-url": "https://packagist.org/downloads/",
            "license": [
                "MIT"
            ],
            "authors": [
                {
                    "name": "John Stevenson",
                    "email": "john-stevenson@blueyonder.co.uk"
                }
            ],
            "description": "Restarts a process without Xdebug.",
            "keywords": [
                "Xdebug",
                "performance"
            ],
            "time": "2020-03-01T12:26:26+00:00"
        },
        {
            "name": "felixfbecker/advanced-json-rpc",
            "version": "v3.1.1",
            "source": {
                "type": "git",
                "url": "https://github.com/felixfbecker/php-advanced-json-rpc.git",
                "reference": "0ed363f8de17d284d479ec813c9ad3f6834b5c40"
            },
            "dist": {
                "type": "zip",
                "url": "https://api.github.com/repos/felixfbecker/php-advanced-json-rpc/zipball/0ed363f8de17d284d479ec813c9ad3f6834b5c40",
                "reference": "0ed363f8de17d284d479ec813c9ad3f6834b5c40",
                "shasum": ""
            },
            "require": {
                "netresearch/jsonmapper": "^1.0 || ^2.0",
                "php": ">=7.0",
                "phpdocumentor/reflection-docblock": "^4.0.0 || ^5.0.0"
            },
            "require-dev": {
                "phpunit/phpunit": "^6.0.0"
            },
            "type": "library",
            "autoload": {
                "psr-4": {
                    "AdvancedJsonRpc\\": "lib/"
                }
            },
            "notification-url": "https://packagist.org/downloads/",
            "license": [
                "ISC"
            ],
            "authors": [
                {
                    "name": "Felix Becker",
                    "email": "felix.b@outlook.com"
                }
            ],
            "description": "A more advanced JSONRPC implementation",
            "time": "2020-03-11T15:21:41+00:00"
        },
        {
            "name": "felixfbecker/language-server",
            "version": "dev-master",
            "source": {
                "type": "git",
                "url": "https://github.com/felixfbecker/php-language-server.git",
                "reference": "9dc16565922ae1fcf18a69b15b3cd15152ea21e6"
            },
            "dist": {
                "type": "zip",
                "url": "https://api.github.com/repos/felixfbecker/php-language-server/zipball/9dc16565922ae1fcf18a69b15b3cd15152ea21e6",
                "reference": "9dc16565922ae1fcf18a69b15b3cd15152ea21e6",
                "shasum": ""
            },
            "require": {
                "composer/xdebug-handler": "^1.0",
                "felixfbecker/advanced-json-rpc": "^3.0.0",
                "felixfbecker/language-server-protocol": "^1.0.1",
                "jetbrains/phpstorm-stubs": "dev-master",
                "microsoft/tolerant-php-parser": "0.0.*",
                "netresearch/jsonmapper": "^1.0",
                "php": "^7.0",
                "phpdocumentor/reflection-docblock": "^4.0.0",
                "psr/log": "^1.0",
                "sabre/event": "^5.0",
                "sabre/uri": "^2.0",
                "webmozart/glob": "^4.1",
                "webmozart/path-util": "^2.3"
            },
            "require-dev": {
                "phan/phan": "1.1.4",
                "phpunit/phpunit": "^6.3",
                "squizlabs/php_codesniffer": "^3.1"
            },
            "bin": [
                "bin/php-language-server.php"
            ],
            "type": "library",
            "autoload": {
                "psr-4": {
                    "LanguageServer\\": "src/"
                },
                "files": [
                    "src/utils.php",
                    "src/FqnUtilities.php",
                    "src/ParserHelpers.php"
                ]
            },
            "notification-url": "https://packagist.org/downloads/",
            "license": [
                "ISC"
            ],
            "authors": [
                {
                    "name": "Felix Becker",
                    "email": "felix.b@outlook.com"
                }
            ],
            "description": "PHP Implementation of the Visual Studio Code Language Server Protocol",
            "keywords": [
                "autocompletion",
                "code",
                "intellisense",
                "language",
                "microsoft",
                "php",
                "refactor",
                "server",
                "studio",
                "visual"
            ],
            "time": "2018-12-12T15:29:42+00:00"
        },
        {
            "name": "felixfbecker/language-server-protocol",
            "version": "v1.4.0",
            "source": {
                "type": "git",
                "url": "https://github.com/felixfbecker/php-language-server-protocol.git",
                "reference": "378801f6139bb74ac215d81cca1272af61df9a9f"
            },
            "dist": {
                "type": "zip",
                "url": "https://api.github.com/repos/felixfbecker/php-language-server-protocol/zipball/378801f6139bb74ac215d81cca1272af61df9a9f",
                "reference": "378801f6139bb74ac215d81cca1272af61df9a9f",
                "shasum": ""
            },
            "require": {
                "php": "^7.0"
            },
            "require-dev": {
                "phpstan/phpstan": "*",
                "phpunit/phpunit": "^6.3",
                "squizlabs/php_codesniffer": "^3.1"
            },
            "type": "library",
            "autoload": {
                "psr-4": {
                    "LanguageServerProtocol\\": "src/"
                }
            },
            "notification-url": "https://packagist.org/downloads/",
            "license": [
                "ISC"
            ],
            "authors": [
                {
                    "name": "Felix Becker",
                    "email": "felix.b@outlook.com"
                }
            ],
            "description": "PHP classes for the Language Server Protocol",
            "keywords": [
                "language",
                "microsoft",
                "php",
                "server"
            ],
            "time": "2019-06-23T21:03:50+00:00"
        },
        {
            "name": "jetbrains/phpstorm-stubs",
            "version": "dev-master",
            "source": {
                "type": "git",
                "url": "https://github.com/JetBrains/phpstorm-stubs.git",
                "reference": "429eac8eefa8ce5576c84af869cdc160fd8fdba0"
            },
            "dist": {
                "type": "zip",
                "url": "https://api.github.com/repos/JetBrains/phpstorm-stubs/zipball/429eac8eefa8ce5576c84af869cdc160fd8fdba0",
                "reference": "429eac8eefa8ce5576c84af869cdc160fd8fdba0",
                "shasum": ""
            },
            "require-dev": {
                "nikic/php-parser": "^4",
                "php": "^7.4",
                "phpdocumentor/reflection-docblock": "^4.3",
                "phpunit/phpunit": "^7"
            },
            "type": "library",
            "autoload": {
                "files": [
                    "PhpStormStubsMap.php"
                ]
            },
            "notification-url": "https://packagist.org/downloads/",
            "license": [
                "Apache-2.0"
            ],
            "description": "PHP runtime & extensions header files for PhpStorm",
            "homepage": "https://www.jetbrains.com/phpstorm",
            "keywords": [
                "autocomplete",
                "code",
                "inference",
                "inspection",
                "jetbrains",
                "phpstorm",
                "stubs",
                "type"
            ],
            "time": "2020-03-04T13:02:15+00:00"
        },
        {
            "name": "microsoft/tolerant-php-parser",
            "version": "v0.0.20",
            "source": {
                "type": "git",
                "url": "https://github.com/microsoft/tolerant-php-parser.git",
                "reference": "c5e2bf5d8c9f4f27eef1370bd39ea2d1f374eeb4"
            },
            "dist": {
                "type": "zip",
                "url": "https://api.github.com/repos/microsoft/tolerant-php-parser/zipball/c5e2bf5d8c9f4f27eef1370bd39ea2d1f374eeb4",
                "reference": "c5e2bf5d8c9f4f27eef1370bd39ea2d1f374eeb4",
                "shasum": ""
            },
            "require": {
                "php": ">=7.0"
            },
            "require-dev": {
                "phpunit/phpunit": "^6.4"
            },
            "type": "library",
            "autoload": {
                "psr-4": {
                    "Microsoft\\PhpParser\\": [
                        "src/"
                    ]
                }
            },
            "notification-url": "https://packagist.org/downloads/",
            "license": [
                "MIT"
            ],
            "authors": [
                {
                    "name": "Rob Lourens",
                    "email": "roblou@microsoft.com"
                }
            ],
            "description": "Tolerant PHP-to-AST parser designed for IDE usage scenarios",
            "time": "2020-02-18T02:57:19+00:00"
        },
        {
            "name": "netresearch/jsonmapper",
            "version": "v1.6.0",
            "source": {
                "type": "git",
                "url": "https://github.com/cweiske/jsonmapper.git",
                "reference": "0d4d1b48d682a93b6bfedf60b88c7750e9cb0b06"
            },
            "dist": {
                "type": "zip",
                "url": "https://api.github.com/repos/cweiske/jsonmapper/zipball/0d4d1b48d682a93b6bfedf60b88c7750e9cb0b06",
                "reference": "0d4d1b48d682a93b6bfedf60b88c7750e9cb0b06",
                "shasum": ""
            },
            "require": {
                "ext-json": "*",
                "ext-pcre": "*",
                "ext-reflection": "*",
                "ext-spl": "*",
                "php": ">=5.6"
            },
            "require-dev": {
                "phpunit/phpunit": "~4.8.35 || ~5.7 || ~6.4",
                "squizlabs/php_codesniffer": "~1.5"
            },
            "type": "library",
            "autoload": {
                "psr-0": {
                    "JsonMapper": "src/"
                }
            },
            "notification-url": "https://packagist.org/downloads/",
            "license": [
                "OSL-3.0"
            ],
            "authors": [
                {
                    "name": "Christian Weiske",
                    "email": "cweiske@cweiske.de",
                    "homepage": "http://github.com/cweiske/jsonmapper/",
                    "role": "Developer"
                }
            ],
            "description": "Map nested JSON structures onto PHP classes",
            "time": "2019-08-15T19:41:25+00:00"
        },
        {
            "name": "phpdocumentor/reflection-common",
            "version": "dev-master",
            "source": {
                "type": "git",
                "url": "https://github.com/phpDocumentor/ReflectionCommon.git",
                "reference": "b0843c8cbcc2dc5eda5158e583c7199a5e44c86d"
            },
            "dist": {
                "type": "zip",
                "url": "https://api.github.com/repos/phpDocumentor/ReflectionCommon/zipball/b0843c8cbcc2dc5eda5158e583c7199a5e44c86d",
                "reference": "b0843c8cbcc2dc5eda5158e583c7199a5e44c86d",
                "shasum": ""
            },
            "require": {
                "php": ">=7.1"
            },
            "require-dev": {
                "phpunit/phpunit": "~6"
            },
            "type": "library",
            "extra": {
                "branch-alias": {
                    "dev-master": "2.x-dev"
                }
            },
            "autoload": {
                "psr-4": {
                    "phpDocumentor\\Reflection\\": "src/"
                }
            },
            "notification-url": "https://packagist.org/downloads/",
            "license": [
                "MIT"
            ],
            "authors": [
                {
                    "name": "Jaap van Otterdijk",
                    "email": "opensource@ijaap.nl"
                }
            ],
            "description": "Common reflection classes used by phpdocumentor to reflect the code structure",
            "homepage": "http://www.phpdoc.org",
            "keywords": [
                "FQSEN",
                "phpDocumentor",
                "phpdoc",
                "reflection",
                "static analysis"
            ],
            "time": "2019-12-20T12:45:35+00:00"
        },
        {
            "name": "phpdocumentor/reflection-docblock",
            "version": "4.3.4",
            "source": {
                "type": "git",
                "url": "https://github.com/phpDocumentor/ReflectionDocBlock.git",
                "reference": "da3fd972d6bafd628114f7e7e036f45944b62e9c"
            },
            "dist": {
                "type": "zip",
                "url": "https://api.github.com/repos/phpDocumentor/ReflectionDocBlock/zipball/da3fd972d6bafd628114f7e7e036f45944b62e9c",
                "reference": "da3fd972d6bafd628114f7e7e036f45944b62e9c",
                "shasum": ""
            },
            "require": {
                "php": "^7.0",
                "phpdocumentor/reflection-common": "^1.0.0 || ^2.0.0",
                "phpdocumentor/type-resolver": "~0.4 || ^1.0.0",
                "webmozart/assert": "^1.0"
            },
            "require-dev": {
                "doctrine/instantiator": "^1.0.5",
                "mockery/mockery": "^1.0",
                "phpdocumentor/type-resolver": "0.4.*",
                "phpunit/phpunit": "^6.4"
            },
            "type": "library",
            "extra": {
                "branch-alias": {
                    "dev-master": "4.x-dev"
                }
            },
            "autoload": {
                "psr-4": {
                    "phpDocumentor\\Reflection\\": [
                        "src/"
                    ]
                }
            },
            "notification-url": "https://packagist.org/downloads/",
            "license": [
                "MIT"
            ],
            "authors": [
                {
                    "name": "Mike van Riel",
                    "email": "me@mikevanriel.com"
                }
            ],
            "description": "With this component, a library can provide support for annotations via DocBlocks or otherwise retrieve information that is embedded in a DocBlock.",
            "time": "2019-12-28T18:55:12+00:00"
        },
        {
            "name": "phpdocumentor/type-resolver",
            "version": "dev-master",
            "source": {
                "type": "git",
                "url": "https://github.com/phpDocumentor/TypeResolver.git",
                "reference": "d6b5291650d058fe1162a54fee9d923de19bcda2"
            },
            "dist": {
                "type": "zip",
                "url": "https://api.github.com/repos/phpDocumentor/TypeResolver/zipball/d6b5291650d058fe1162a54fee9d923de19bcda2",
                "reference": "d6b5291650d058fe1162a54fee9d923de19bcda2",
                "shasum": ""
            },
            "require": {
                "php": "^7.2",
                "phpdocumentor/reflection-common": "^2.0"
            },
            "require-dev": {
                "ext-tokenizer": "^7.2",
                "mockery/mockery": "~1"
            },
            "type": "library",
            "extra": {
                "branch-alias": {
                    "dev-master": "1.x-dev"
                }
            },
            "autoload": {
                "psr-4": {
                    "phpDocumentor\\Reflection\\": "src"
                }
            },
            "notification-url": "https://packagist.org/downloads/",
            "license": [
                "MIT"
            ],
            "authors": [
                {
                    "name": "Mike van Riel",
                    "email": "me@mikevanriel.com"
                }
            ],
            "description": "A PSR-5 based resolver of Class names, Types and Structural Element Names",
            "time": "2020-03-06T17:11:40+00:00"
        },
        {
            "name": "psr/log",
            "version": "dev-master",
            "source": {
                "type": "git",
                "url": "https://github.com/php-fig/log.git",
                "reference": "e1cb6eca27ccfd46567a2837eeba62bc5fecdee2"
            },
            "dist": {
                "type": "zip",
                "url": "https://api.github.com/repos/php-fig/log/zipball/e1cb6eca27ccfd46567a2837eeba62bc5fecdee2",
                "reference": "e1cb6eca27ccfd46567a2837eeba62bc5fecdee2",
                "shasum": ""
            },
            "require": {
                "php": ">=5.3.0"
            },
            "type": "library",
            "extra": {
                "branch-alias": {
                    "dev-master": "1.1.x-dev"
                }
            },
            "autoload": {
                "psr-4": {
                    "Psr\\Log\\": "Psr/Log/"
                }
            },
            "notification-url": "https://packagist.org/downloads/",
            "license": [
                "MIT"
            ],
            "authors": [
                {
                    "name": "PHP-FIG",
                    "homepage": "http://www.php-fig.org/"
                }
            ],
            "description": "Common interface for logging libraries",
            "homepage": "https://github.com/php-fig/log",
            "keywords": [
                "log",
                "psr",
                "psr-3"
            ],
            "time": "2020-02-28T08:38:25+00:00"
        },
        {
            "name": "sabre/event",
            "version": "5.1.0",
            "source": {
                "type": "git",
                "url": "https://github.com/sabre-io/event.git",
                "reference": "d00a17507af0e7544cfe17096372f5d733e3b276"
            },
            "dist": {
                "type": "zip",
                "url": "https://api.github.com/repos/sabre-io/event/zipball/d00a17507af0e7544cfe17096372f5d733e3b276",
                "reference": "d00a17507af0e7544cfe17096372f5d733e3b276",
                "shasum": ""
            },
            "require": {
                "php": "^7.1"
            },
            "require-dev": {
                "friendsofphp/php-cs-fixer": "~2.16.1",
                "phpunit/phpunit": "^7 || ^8"
            },
            "type": "library",
            "autoload": {
                "psr-4": {
                    "Sabre\\Event\\": "lib/"
                },
                "files": [
                    "lib/coroutine.php",
                    "lib/Loop/functions.php",
                    "lib/Promise/functions.php"
                ]
            },
            "notification-url": "https://packagist.org/downloads/",
            "license": [
                "BSD-3-Clause"
            ],
            "authors": [
                {
                    "name": "Evert Pot",
                    "email": "me@evertpot.com",
                    "homepage": "http://evertpot.com/",
                    "role": "Developer"
                }
            ],
            "description": "sabre/event is a library for lightweight event-based programming",
            "homepage": "http://sabre.io/event/",
            "keywords": [
                "EventEmitter",
                "async",
                "coroutine",
                "eventloop",
                "events",
                "hooks",
                "plugin",
                "promise",
                "reactor",
                "signal"
            ],
            "time": "2020-01-31T18:52:29+00:00"
        },
        {
            "name": "sabre/uri",
            "version": "2.2.0",
            "source": {
                "type": "git",
                "url": "https://github.com/sabre-io/uri.git",
                "reference": "059d11012603be2e32ddb7543602965563ddbb09"
            },
            "dist": {
                "type": "zip",
                "url": "https://api.github.com/repos/sabre-io/uri/zipball/059d11012603be2e32ddb7543602965563ddbb09",
                "reference": "059d11012603be2e32ddb7543602965563ddbb09",
                "shasum": ""
            },
            "require": {
                "php": "^7.1"
            },
            "require-dev": {
                "friendsofphp/php-cs-fixer": "~2.16.1",
                "phpunit/phpunit": "^7 || ^8"
            },
            "type": "library",
            "autoload": {
                "files": [
                    "lib/functions.php"
                ],
                "psr-4": {
                    "Sabre\\Uri\\": "lib/"
                }
            },
            "notification-url": "https://packagist.org/downloads/",
            "license": [
                "BSD-3-Clause"
            ],
            "authors": [
                {
                    "name": "Evert Pot",
                    "email": "me@evertpot.com",
                    "homepage": "http://evertpot.com/",
                    "role": "Developer"
                }
            ],
            "description": "Functions for making sense out of URIs.",
            "homepage": "http://sabre.io/uri/",
            "keywords": [
                "rfc3986",
                "uri",
                "url"
            ],
            "time": "2020-01-31T18:53:43+00:00"
        },
        {
            "name": "symfony/polyfill-ctype",
            "version": "dev-master",
            "source": {
                "type": "git",
                "url": "https://github.com/symfony/polyfill-ctype.git",
                "reference": "4719fa9c18b0464d399f1a63bf624b42b6fa8d14"
            },
            "dist": {
                "type": "zip",
                "url": "https://api.github.com/repos/symfony/polyfill-ctype/zipball/4719fa9c18b0464d399f1a63bf624b42b6fa8d14",
                "reference": "4719fa9c18b0464d399f1a63bf624b42b6fa8d14",
                "shasum": ""
            },
            "require": {
                "php": ">=5.3.3"
            },
            "suggest": {
                "ext-ctype": "For best performance"
            },
            "type": "library",
            "extra": {
                "branch-alias": {
                    "dev-master": "1.15-dev"
                }
            },
            "autoload": {
                "psr-4": {
                    "Symfony\\Polyfill\\Ctype\\": ""
                },
                "files": [
                    "bootstrap.php"
                ]
            },
            "notification-url": "https://packagist.org/downloads/",
            "license": [
                "MIT"
            ],
            "authors": [
                {
                    "name": "Gert de Pagter",
                    "email": "BackEndTea@gmail.com"
                },
                {
                    "name": "Symfony Community",
                    "homepage": "https://symfony.com/contributors"
                }
            ],
            "description": "Symfony polyfill for ctype functions",
            "homepage": "https://symfony.com",
            "keywords": [
                "compatibility",
                "ctype",
                "polyfill",
                "portable"
            ],
            "time": "2020-02-27T09:26:54+00:00"
        },
        {
            "name": "webmozart/assert",
            "version": "1.7.0",
            "source": {
                "type": "git",
                "url": "https://github.com/webmozart/assert.git",
                "reference": "aed98a490f9a8f78468232db345ab9cf606cf598"
            },
            "dist": {
                "type": "zip",
                "url": "https://api.github.com/repos/webmozart/assert/zipball/aed98a490f9a8f78468232db345ab9cf606cf598",
                "reference": "aed98a490f9a8f78468232db345ab9cf606cf598",
                "shasum": ""
            },
            "require": {
                "php": "^5.3.3 || ^7.0",
                "symfony/polyfill-ctype": "^1.8"
            },
            "conflict": {
                "vimeo/psalm": "<3.6.0"
            },
            "require-dev": {
                "phpunit/phpunit": "^4.8.36 || ^7.5.13"
            },
            "type": "library",
            "autoload": {
                "psr-4": {
                    "Webmozart\\Assert\\": "src/"
                }
            },
            "notification-url": "https://packagist.org/downloads/",
            "license": [
                "MIT"
            ],
            "authors": [
                {
                    "name": "Bernhard Schussek",
                    "email": "bschussek@gmail.com"
                }
            ],
            "description": "Assertions to validate method input/output with nice error messages.",
            "keywords": [
                "assert",
                "check",
                "validate"
            ],
            "time": "2020-02-14T12:15:55+00:00"
        },
        {
            "name": "webmozart/glob",
            "version": "dev-master",
            "source": {
                "type": "git",
                "url": "https://github.com/webmozart/glob.git",
                "reference": "8da14867b709e8776d9f6272faaf844aefc695e3"
            },
            "dist": {
                "type": "zip",
                "url": "https://api.github.com/repos/webmozart/glob/zipball/8da14867b709e8776d9f6272faaf844aefc695e3",
                "reference": "8da14867b709e8776d9f6272faaf844aefc695e3",
                "shasum": ""
            },
            "require": {
                "php": "^5.3.3|^7.0",
                "webmozart/path-util": "^2.2"
            },
            "require-dev": {
                "phpunit/phpunit": "^4.6",
                "sebastian/version": "^1.0.1",
                "symfony/filesystem": "^2.5"
            },
            "type": "library",
            "extra": {
                "branch-alias": {
                    "dev-master": "4.1-dev"
                }
            },
            "autoload": {
                "psr-4": {
                    "Webmozart\\Glob\\": "src/"
                }
            },
            "notification-url": "https://packagist.org/downloads/",
            "license": [
                "MIT"
            ],
            "authors": [
                {
                    "name": "Bernhard Schussek",
                    "email": "bschussek@gmail.com"
                }
            ],
            "description": "A PHP implementation of Ant's glob.",
            "time": "2016-08-15T15:31:26+00:00"
        },
        {
            "name": "webmozart/path-util",
            "version": "dev-master",
            "source": {
                "type": "git",
                "url": "https://github.com/webmozart/path-util.git",
                "reference": "95a8f7ad150c2a3773ff3c3d04f557a24c99cfd2"
            },
            "dist": {
                "type": "zip",
                "url": "https://api.github.com/repos/webmozart/path-util/zipball/95a8f7ad150c2a3773ff3c3d04f557a24c99cfd2",
                "reference": "95a8f7ad150c2a3773ff3c3d04f557a24c99cfd2",
                "shasum": ""
            },
            "require": {
                "php": "^5.3.3|^7.0",
                "webmozart/assert": "~1.0"
            },
            "require-dev": {
                "phpunit/phpunit": "^4.6",
                "sebastian/version": "^1.0.1"
            },
            "type": "library",
            "extra": {
                "branch-alias": {
                    "dev-master": "2.3-dev"
                }
            },
            "autoload": {
                "psr-4": {
                    "Webmozart\\PathUtil\\": "src/"
                }
            },
            "notification-url": "https://packagist.org/downloads/",
            "license": [
                "MIT"
            ],
            "authors": [
                {
                    "name": "Bernhard Schussek",
                    "email": "bschussek@gmail.com"
                }
            ],
            "description": "A robust cross-platform utility for normalizing, comparing and modifying file paths.",
            "time": "2016-08-15T15:31:42+00:00"
        }
    ],
    "packages-dev": [],
    "aliases": [],
    "minimum-stability": "dev",
    "stability-flags": {
        "felixfbecker/language-server": 20
    },
    "prefer-stable": false,
    "prefer-lowest": false,
    "platform": [],
    "platform-dev": []
}
